
Microsoft Visual Studio Solution File, Format Version 12.00
# Visual Studio 2012
Project("{FAE04EC0-301F-11D3-BF4B-00C04F79EFBC}") = "HolaMundo", "HolaMundo\HolaMundo.csproj", "{CDBD904A-C342-4AC7-AD4E-F3006040E240}"
EndProject
Project("{FAE04EC0-301F-11D3-BF4B-00C04F79EFBC}") = "DataLayer", "DataLayer\DataLayer.csproj", "{7F3DCC44-70EC-4DCF-9858-7BDF17A63283}"
EndProject
Global
	GlobalSection(SolutionConfigurationPlatforms) = preSolution
		Debug|Any CPU = Debug|Any CPU
		Release|Any CPU = Release|Any CPU
	EndGlobalSection
	GlobalSection(ProjectConfigurationPlatforms) = postSolution
		{CDBD904A-C342-4AC7-AD4E-F3006040E240}.Debug|Any CPU.ActiveCfg = Debug|Any CPU
		{CDBD904A-C342-4AC7-AD4E-F3006040E240}.Debug|Any CPU.Build.0 = Debug|Any CPU
		{CDBD904A-C342-4AC7-AD4E-F3006040E240}.Release|Any CPU.ActiveCfg = Release|Any CPU
		{CDBD904A-C342-4AC7-AD4E-F3006040E240}.Release|Any CPU.Build.0 = Release|Any CPU
		{7F3DCC44-70EC-4DCF-9858-7BDF17A63283}.Debug|Any CPU.ActiveCfg = Debug|Any CPU
		{7F3DCC44-70EC-4DCF-9858-7BDF17A63283}.Debug|Any CPU.Build.0 = Debug|Any CPU
		{7F3DCC44-70EC-4DCF-9858-7BDF17A63283}.Release|Any CPU.ActiveCfg = Release|Any CPU
		{7F3DCC44-70EC-4DCF-9858-7BDF17A63283}.Release|Any CPU.Build.0 = Release|Any CPU
	EndGlobalSection
	GlobalSection(SolutionProperties) = preSolution
		HideSolutionNode = FALSE
	EndGlobalSection
EndGlobal
